
Microsoft Visual Studio Solution File, Format Version 12.00
# Visual Studio Version 16
VisualStudioVersion = 16.0.31515.178
MinimumVisualStudioVersion = 10.0.40219.1
Project("{FAE04EC0-301F-11D3-BF4B-00C04F79EFBC}") = "HoorLink-lite1.1", "HoorLink-lite1.1\HoorLink-lite1.1.csproj", "{05401DB6-4F63-49A9-BFFD-7057669E65A0}"
EndProject
Global
	GlobalSection(SolutionConfigurationPlatforms) = preSolution
		Debug|Any CPU = Debug|Any CPU
		Release|Any CPU = Release|Any CPU
	EndGlobalSection
	GlobalSection(ProjectConfigurationPlatforms) = postSolution
		{05401DB6-4F63-49A9-BFFD-7057669E65A0}.Debug|Any CPU.ActiveCfg = Debug|Any CPU
		{05401DB6-4F63-49A9-BFFD-7057669E65A0}.Debug|Any CPU.Build.0 = Debug|Any CPU
		{05401DB6-4F63-49A9-BFFD-7057669E65A0}.Release|Any CPU.ActiveCfg = Release|Any CPU
		{05401DB6-4F63-49A9-BFFD-7057669E65A0}.Release|Any CPU.Build.0 = Release|Any CPU
	EndGlobalSection
	GlobalSection(SolutionProperties) = preSolution
		HideSolutionNode = FALSE
	EndGlobalSection
	GlobalSection(ExtensibilityGlobals) = postSolution
		SolutionGuid = {16D271BA-0196-48DB-8AFA-A6E50708D03C}
	EndGlobalSection
EndGlobal
