
Microsoft Visual Studio Solution File, Format Version 12.00
# Visual Studio Version 16
VisualStudioVersion = 16.0.31515.178
MinimumVisualStudioVersion = 10.0.40219.1
Project("{FAE04EC0-301F-11D3-BF4B-00C04F79EFBC}") = "WebApplication2", "WebApplication2\WebApplication2.csproj", "{FD111260-14A3-48BD-95A5-A0AE8C06D2DA}"
EndProject
Global
	GlobalSection(SolutionConfigurationPlatforms) = preSolution
		Debug|Any CPU = Debug|Any CPU
		Release|Any CPU = Release|Any CPU
	EndGlobalSection
	GlobalSection(ProjectConfigurationPlatforms) = postSolution
		{FD111260-14A3-48BD-95A5-A0AE8C06D2DA}.Debug|Any CPU.ActiveCfg = Debug|Any CPU
		{FD111260-14A3-48BD-95A5-A0AE8C06D2DA}.Debug|Any CPU.Build.0 = Debug|Any CPU
		{FD111260-14A3-48BD-95A5-A0AE8C06D2DA}.Release|Any CPU.ActiveCfg = Release|Any CPU
		{FD111260-14A3-48BD-95A5-A0AE8C06D2DA}.Release|Any CPU.Build.0 = Release|Any CPU
	EndGlobalSection
	GlobalSection(SolutionProperties) = preSolution
		HideSolutionNode = FALSE
	EndGlobalSection
	GlobalSection(ExtensibilityGlobals) = postSolution
		SolutionGuid = {DF49F4C0-7198-4674-899D-A98B16D16691}
	EndGlobalSection
EndGlobal
